
Microsoft Visual Studio Solution File, Format Version 12.00
# Visual Studio Version 16
VisualStudioVersion = 16.0.29519.87
MinimumVisualStudioVersion = 10.0.40219.1
Project("{9A19103F-16F7-4668-BE54-9A1E7A4F7556}") = "Task-tracking-system", "Job-tracking-system\Task-tracking-system.csproj", "{05569EA8-F600-47DB-B75A-A59C419A98C3}"
EndProject
Project("{9A19103F-16F7-4668-BE54-9A1E7A4F7556}") = "DAL", "DAL\DAL.csproj", "{2B2E6685-F415-435C-9549-02B8BAEE40EC}"
EndProject
Project("{9A19103F-16F7-4668-BE54-9A1E7A4F7556}") = "BLL", "BLL\BLL.csproj", "{1AFA75E6-B44A-446B-A898-B3E7756177F1}"
EndProject
Global
	GlobalSection(SolutionConfigurationPlatforms) = preSolution
		Debug|Any CPU = Debug|Any CPU
		Release|Any CPU = Release|Any CPU
	EndGlobalSection
	GlobalSection(ProjectConfigurationPlatforms) = postSolution
		{05569EA8-F600-47DB-B75A-A59C419A98C3}.Debug|Any CPU.ActiveCfg = Debug|Any CPU
		{05569EA8-F600-47DB-B75A-A59C419A98C3}.Debug|Any CPU.Build.0 = Debug|Any CPU
		{05569EA8-F600-47DB-B75A-A59C419A98C3}.Release|Any CPU.ActiveCfg = Release|Any CPU
		{05569EA8-F600-47DB-B75A-A59C419A98C3}.Release|Any CPU.Build.0 = Release|Any CPU
		{2B2E6685-F415-435C-9549-02B8BAEE40EC}.Debug|Any CPU.ActiveCfg = Debug|Any CPU
		{2B2E6685-F415-435C-9549-02B8BAEE40EC}.Debug|Any CPU.Build.0 = Debug|Any CPU
		{2B2E6685-F415-435C-9549-02B8BAEE40EC}.Release|Any CPU.ActiveCfg = Release|Any CPU
		{2B2E6685-F415-435C-9549-02B8BAEE40EC}.Release|Any CPU.Build.0 = Release|Any CPU
		{1AFA75E6-B44A-446B-A898-B3E7756177F1}.Debug|Any CPU.ActiveCfg = Debug|Any CPU
		{1AFA75E6-B44A-446B-A898-B3E7756177F1}.Debug|Any CPU.Build.0 = Debug|Any CPU
		{1AFA75E6-B44A-446B-A898-B3E7756177F1}.Release|Any CPU.ActiveCfg = Release|Any CPU
		{1AFA75E6-B44A-446B-A898-B3E7756177F1}.Release|Any CPU.Build.0 = Release|Any CPU
	EndGlobalSection
	GlobalSection(SolutionProperties) = preSolution
		HideSolutionNode = FALSE
	EndGlobalSection
	GlobalSection(ExtensibilityGlobals) = postSolution
		SolutionGuid = {A07CE3F9-EFE6-4801-AC77-5D70A7D21EBE}
	EndGlobalSection
EndGlobal
