
Microsoft Visual Studio Solution File, Format Version 12.00
# Visual Studio Version 16
VisualStudioVersion = 16.0.29519.87
MinimumVisualStudioVersion = 10.0.40219.1
Project("{FAE04EC0-301F-11D3-BF4B-00C04F79EFBC}") = "TaskTrackingSystem.DAL", "TaskTrackingSystem.DAL\TaskTrackingSystem.DAL.csproj", "{03A0E7CB-6174-4607-9BF4-9E18537844B9}"
EndProject
Project("{FAE04EC0-301F-11D3-BF4B-00C04F79EFBC}") = "TaskTrackingSystem.BLL", "TaskTrackingSystem.BLL\TaskTrackingSystem.BLL.csproj", "{AD79FE62-DADA-4FB6-A0FB-FE93E4DEEA5F}"
EndProject
Project("{FAE04EC0-301F-11D3-BF4B-00C04F79EFBC}") = "TaskTrackingSystem.WebApi", "TaskTrackingSystem\TaskTrackingSystem.WebApi.csproj", "{0AF7FEF4-98A9-4BBA-8729-AAF9940AF23D}"
EndProject
Global
	GlobalSection(SolutionConfigurationPlatforms) = preSolution
		Debug|Any CPU = Debug|Any CPU
		Release|Any CPU = Release|Any CPU
	EndGlobalSection
	GlobalSection(ProjectConfigurationPlatforms) = postSolution
		{03A0E7CB-6174-4607-9BF4-9E18537844B9}.Debug|Any CPU.ActiveCfg = Debug|Any CPU
		{03A0E7CB-6174-4607-9BF4-9E18537844B9}.Debug|Any CPU.Build.0 = Debug|Any CPU
		{03A0E7CB-6174-4607-9BF4-9E18537844B9}.Release|Any CPU.ActiveCfg = Release|Any CPU
		{03A0E7CB-6174-4607-9BF4-9E18537844B9}.Release|Any CPU.Build.0 = Release|Any CPU
		{AD79FE62-DADA-4FB6-A0FB-FE93E4DEEA5F}.Debug|Any CPU.ActiveCfg = Debug|Any CPU
		{AD79FE62-DADA-4FB6-A0FB-FE93E4DEEA5F}.Debug|Any CPU.Build.0 = Debug|Any CPU
		{AD79FE62-DADA-4FB6-A0FB-FE93E4DEEA5F}.Release|Any CPU.ActiveCfg = Release|Any CPU
		{AD79FE62-DADA-4FB6-A0FB-FE93E4DEEA5F}.Release|Any CPU.Build.0 = Release|Any CPU
		{0AF7FEF4-98A9-4BBA-8729-AAF9940AF23D}.Debug|Any CPU.ActiveCfg = Debug|Any CPU
		{0AF7FEF4-98A9-4BBA-8729-AAF9940AF23D}.Debug|Any CPU.Build.0 = Debug|Any CPU
		{0AF7FEF4-98A9-4BBA-8729-AAF9940AF23D}.Release|Any CPU.ActiveCfg = Release|Any CPU
		{0AF7FEF4-98A9-4BBA-8729-AAF9940AF23D}.Release|Any CPU.Build.0 = Release|Any CPU
	EndGlobalSection
	GlobalSection(SolutionProperties) = preSolution
		HideSolutionNode = FALSE
	EndGlobalSection
	GlobalSection(ExtensibilityGlobals) = postSolution
		SolutionGuid = {A07CE3F9-EFE6-4801-AC77-5D70A7D21EBE}
	EndGlobalSection
EndGlobal
